
Microsoft Visual Studio Solution File, Format Version 12.00
# Visual Studio Version 17
VisualStudioVersion = 17.2.32630.192
MinimumVisualStudioVersion = 10.0.40219.1
Project("{9A19103F-16F7-4668-BE54-9A1E7A4F7556}") = "Armada.Client", "Armada.Client\Armada.Client.csproj", "{8016908D-697F-48B0-9AAA-048A64A06FA8}"
EndProject
Project("{9A19103F-16F7-4668-BE54-9A1E7A4F7556}") = "Armada.Client.Test", "Armada.Client.Test\Armada.Client.Test.csproj", "{FFF216CF-27D6-4E56-B472-30092FF6AE4D}"
EndProject
Project("{2150E333-8FDC-42A3-9474-1A3956D46DE8}") = "Solution Items", "Solution Items", "{CDD4D847-750F-4A28-826B-F6C0A0AB8CCC}"
	ProjectSection(SolutionItems) = preProject
		.runsettings = .runsettings
	EndProjectSection
EndProject
Global
	GlobalSection(SolutionConfigurationPlatforms) = preSolution
		Debug|Any CPU = Debug|Any CPU
		Release|Any CPU = Release|Any CPU
	EndGlobalSection
	GlobalSection(ProjectConfigurationPlatforms) = postSolution
		{8016908D-697F-48B0-9AAA-048A64A06FA8}.Debug|Any CPU.ActiveCfg = Debug|Any CPU
		{8016908D-697F-48B0-9AAA-048A64A06FA8}.Debug|Any CPU.Build.0 = Debug|Any CPU
		{8016908D-697F-48B0-9AAA-048A64A06FA8}.Release|Any CPU.ActiveCfg = Release|Any CPU
		{8016908D-697F-48B0-9AAA-048A64A06FA8}.Release|Any CPU.Build.0 = Release|Any CPU
		{FFF216CF-27D6-4E56-B472-30092FF6AE4D}.Debug|Any CPU.ActiveCfg = Debug|Any CPU
		{FFF216CF-27D6-4E56-B472-30092FF6AE4D}.Debug|Any CPU.Build.0 = Debug|Any CPU
		{FFF216CF-27D6-4E56-B472-30092FF6AE4D}.Release|Any CPU.ActiveCfg = Release|Any CPU
		{FFF216CF-27D6-4E56-B472-30092FF6AE4D}.Release|Any CPU.Build.0 = Release|Any CPU
	EndGlobalSection
	GlobalSection(SolutionProperties) = preSolution
		HideSolutionNode = FALSE
	EndGlobalSection
	GlobalSection(ExtensibilityGlobals) = postSolution
		SolutionGuid = {7F2BCDBD-FCF4-4872-8126-56D09042EEF3}
	EndGlobalSection
EndGlobal
